
Microsoft Visual Studio Solution File, Format Version 12.00
# Visual Studio Version 16
VisualStudioVersion = 16.0.31424.327
MinimumVisualStudioVersion = 10.0.40219.1
Project("{FAE04EC0-301F-11D3-BF4B-00C04F79EFBC}") = "GetDirectoryFileList", "GetDirectoryFileList\GetDirectoryFileList.csproj", "{0D7C924F-7300-4F1F-900B-558C87ABA13D}"
EndProject
Global
	GlobalSection(SolutionConfigurationPlatforms) = preSolution
		Debug|Any CPU = Debug|Any CPU
		Release|Any CPU = Release|Any CPU
	EndGlobalSection
	GlobalSection(ProjectConfigurationPlatforms) = postSolution
		{0D7C924F-7300-4F1F-900B-558C87ABA13D}.Debug|Any CPU.ActiveCfg = Debug|Any CPU
		{0D7C924F-7300-4F1F-900B-558C87ABA13D}.Debug|Any CPU.Build.0 = Debug|Any CPU
		{0D7C924F-7300-4F1F-900B-558C87ABA13D}.Release|Any CPU.ActiveCfg = Release|Any CPU
		{0D7C924F-7300-4F1F-900B-558C87ABA13D}.Release|Any CPU.Build.0 = Release|Any CPU
	EndGlobalSection
	GlobalSection(SolutionProperties) = preSolution
		HideSolutionNode = FALSE
	EndGlobalSection
	GlobalSection(ExtensibilityGlobals) = postSolution
		SolutionGuid = {3724F87C-36FB-4DF0-AA98-A37E3C01CE97}
	EndGlobalSection
EndGlobal
